{
  "name": "api-status-pulse",
  "version": "1.0.0",
  "lockfileVersion": 3,
  "requires": true,
  "packages": {
    "": {
      "name": "api-status-pulse",
      "version": "1.0.0",
      "license": "MIT",
      "bin": {
        "api-status-pulse": "index.js"
      },
      "engines": {
        "node": ">=18"
      }
    }
  }
}
